
Microsoft Visual Studio Solution File, Format Version 12.00
# Visual Studio Version 16
VisualStudioVersion = 16.0.29123.88
MinimumVisualStudioVersion = 10.0.40219.1
Project("{FAE04EC0-301F-11D3-BF4B-00C04F79EFBC}") = "Endjin.Imm.App", "Endjin.Imm.App\Endjin.Imm.App.csproj", "{3925A171-53C1-4169-95B7-6BD146750037}"
EndProject
Project("{FAE04EC0-301F-11D3-BF4B-00C04F79EFBC}") = "Endjin.Ip.Maturity.Matrix.Host", "Endjin.Ip.Maturity.Matrix.Host\Endjin.Ip.Maturity.Matrix.Host.csproj", "{1261563D-E20B-402B-B6A6-BB7B97A61245}"
EndProject
Project("{9A19103F-16F7-4668-BE54-9A1E7A4F7556}") = "Endjin.Imm", "Endjin.Imm.Domain\Endjin.Imm.csproj", "{FC1AE1E9-A036-42CD-A1F3-D0E0D0862B39}"
EndProject
Global
	GlobalSection(SolutionConfigurationPlatforms) = preSolution
		Debug|Any CPU = Debug|Any CPU
		Release|Any CPU = Release|Any CPU
	EndGlobalSection
	GlobalSection(ProjectConfigurationPlatforms) = postSolution
		{3925A171-53C1-4169-95B7-6BD146750037}.Debug|Any CPU.ActiveCfg = Debug|Any CPU
		{3925A171-53C1-4169-95B7-6BD146750037}.Debug|Any CPU.Build.0 = Debug|Any CPU
		{3925A171-53C1-4169-95B7-6BD146750037}.Release|Any CPU.ActiveCfg = Release|Any CPU
		{3925A171-53C1-4169-95B7-6BD146750037}.Release|Any CPU.Build.0 = Release|Any CPU
		{1261563D-E20B-402B-B6A6-BB7B97A61245}.Debug|Any CPU.ActiveCfg = Debug|Any CPU
		{1261563D-E20B-402B-B6A6-BB7B97A61245}.Debug|Any CPU.Build.0 = Debug|Any CPU
		{1261563D-E20B-402B-B6A6-BB7B97A61245}.Release|Any CPU.ActiveCfg = Release|Any CPU
		{1261563D-E20B-402B-B6A6-BB7B97A61245}.Release|Any CPU.Build.0 = Release|Any CPU
		{FC1AE1E9-A036-42CD-A1F3-D0E0D0862B39}.Debug|Any CPU.ActiveCfg = Debug|Any CPU
		{FC1AE1E9-A036-42CD-A1F3-D0E0D0862B39}.Debug|Any CPU.Build.0 = Debug|Any CPU
		{FC1AE1E9-A036-42CD-A1F3-D0E0D0862B39}.Release|Any CPU.ActiveCfg = Release|Any CPU
		{FC1AE1E9-A036-42CD-A1F3-D0E0D0862B39}.Release|Any CPU.Build.0 = Release|Any CPU
	EndGlobalSection
	GlobalSection(SolutionProperties) = preSolution
		HideSolutionNode = FALSE
	EndGlobalSection
	GlobalSection(ExtensibilityGlobals) = postSolution
		SolutionGuid = {7BE2021E-7927-4BB9-93D5-4157E0A8C152}
	EndGlobalSection
EndGlobal
